Microsoft Visual Studio Solution File, Format Version 9.00
# Visual Studio 2005
Project("{8BC9CEB8-8B4A-11D0-8D11-00A0C91BC942}") = "Eraser", "Eraser.vcproj", "{EC74DAF8-5106-470B-A8F4-D539B347E20E}"
	ProjectSection(ProjectDependencies) = postProject
		{E3DBF6A6-475B-4BA8-AE20-73655A7D42D9} = {E3DBF6A6-475B-4BA8-AE20-73655A7D42D9}
		{31F52DA7-B9F6-452D-823F-E1EFDF283995} = {31F52DA7-B9F6-452D-823F-E1EFDF283995}
		{870168AC-012D-4E78-AB70-CC20D02C0EBE} = {870168AC-012D-4E78-AB70-CC20D02C0EBE}
		{D4750DE4-A865-494B-B5AD-84DF59ADFC05} = {D4750DE4-A865-494B-B5AD-84DF59ADFC05}
	EndProjectSection
EndProject
Project("{8BC9CEB8-8B4A-11D0-8D11-00A0C91BC942}") = "EraserDll", "EraserDll\EraserDll.vcproj", "{31F52DA7-B9F6-452D-823F-E1EFDF283995}"
EndProject
Project("{8BC9CEB8-8B4A-11D0-8D11-00A0C91BC942}") = "Erasext", "Erasext\Erasext.vcproj", "{E3DBF6A6-475B-4BA8-AE20-73655A7D42D9}"
	ProjectSection(ProjectDependencies) = postProject
		{31F52DA7-B9F6-452D-823F-E1EFDF283995} = {31F52DA7-B9F6-452D-823F-E1EFDF283995}
	EndProjectSection
EndProject
Project("{8BC9CEB8-8B4A-11D0-8D11-00A0C91BC942}") = "Launcher", "Launcher\Launcher.vcproj", "{D4750DE4-A865-494B-B5AD-84DF59ADFC05}"
	ProjectSection(ProjectDependencies) = postProject
		{31F52DA7-B9F6-452D-823F-E1EFDF283995} = {31F52DA7-B9F6-452D-823F-E1EFDF283995}
	EndProjectSection
EndProject
Project("{8BC9CEB8-8B4A-11D0-8D11-00A0C91BC942}") = "Verify", "Verify\Verify.vcproj", "{870168AC-012D-4E78-AB70-CC20D02C0EBE}"
	ProjectSection(ProjectDependencies) = postProject
		{31F52DA7-B9F6-452D-823F-E1EFDF283995} = {31F52DA7-B9F6-452D-823F-E1EFDF283995}
	EndProjectSection
EndProject
Global
	GlobalSection(SolutionConfigurationPlatforms) = preSolution
		Debug|Pocket PC 2003 (ARMV4) = Debug|Pocket PC 2003 (ARMV4)
		Debug|Win32 = Debug|Win32
		Debug|win64 = Debug|win64
		Debug|x64 = Debug|x64
		Release|Pocket PC 2003 (ARMV4) = Release|Pocket PC 2003 (ARMV4)
		Release|Win32 = Release|Win32
		Release|win64 = Release|win64
		Release|x64 = Release|x64
	EndGlobalSection
	GlobalSection(ProjectConfigurationPlatforms) = postSolution
		{EC74DAF8-5106-470B-A8F4-D539B347E20E}.Debug|Pocket PC 2003 (ARMV4).ActiveCfg = Debug|Win32
		{EC74DAF8-5106-470B-A8F4-D539B347E20E}.Debug|Win32.ActiveCfg = Debug|Win32
		{EC74DAF8-5106-470B-A8F4-D539B347E20E}.Debug|Win32.Build.0 = Debug|Win32
		{EC74DAF8-5106-470B-A8F4-D539B347E20E}.Debug|win64.ActiveCfg = Debug|Win32
		{EC74DAF8-5106-470B-A8F4-D539B347E20E}.Debug|win64.Build.0 = Debug|Win32
		{EC74DAF8-5106-470B-A8F4-D539B347E20E}.Debug|x64.ActiveCfg = Debug|x64
		{EC74DAF8-5106-470B-A8F4-D539B347E20E}.Debug|x64.Build.0 = Debug|x64
		{EC74DAF8-5106-470B-A8F4-D539B347E20E}.Release|Pocket PC 2003 (ARMV4).ActiveCfg = Release|Win32
		{EC74DAF8-5106-470B-A8F4-D539B347E20E}.Release|Win32.ActiveCfg = Release|Win32
		{EC74DAF8-5106-470B-A8F4-D539B347E20E}.Release|Win32.Build.0 = Release|Win32
		{EC74DAF8-5106-470B-A8F4-D539B347E20E}.Release|win64.ActiveCfg = Release|Win32
		{EC74DAF8-5106-470B-A8F4-D539B347E20E}.Release|win64.Build.0 = Release|Win32
		{EC74DAF8-5106-470B-A8F4-D539B347E20E}.Release|x64.ActiveCfg = Release|x64
		{EC74DAF8-5106-470B-A8F4-D539B347E20E}.Release|x64.Build.0 = Release|x64
		{31F52DA7-B9F6-452D-823F-E1EFDF283995}.Debug|Pocket PC 2003 (ARMV4).ActiveCfg = Debug|Win32
		{31F52DA7-B9F6-452D-823F-E1EFDF283995}.Debug|Win32.ActiveCfg = Debug|Win32
		{31F52DA7-B9F6-452D-823F-E1EFDF283995}.Debug|Win32.Build.0 = Debug|Win32
		{31F52DA7-B9F6-452D-823F-E1EFDF283995}.Debug|win64.ActiveCfg = Debug|Win32
		{31F52DA7-B9F6-452D-823F-E1EFDF283995}.Debug|win64.Build.0 = Debug|Win32
		{31F52DA7-B9F6-452D-823F-E1EFDF283995}.Debug|x64.ActiveCfg = Debug|x64
		{31F52DA7-B9F6-452D-823F-E1EFDF283995}.Debug|x64.Build.0 = Debug|x64
		{31F52DA7-B9F6-452D-823F-E1EFDF283995}.Release|Pocket PC 2003 (ARMV4).ActiveCfg = Release|Win32
		{31F52DA7-B9F6-452D-823F-E1EFDF283995}.Release|Win32.ActiveCfg = Release|Win32
		{31F52DA7-B9F6-452D-823F-E1EFDF283995}.Release|Win32.Build.0 = Release|Win32
		{31F52DA7-B9F6-452D-823F-E1EFDF283995}.Release|win64.ActiveCfg = Release|Win32
		{31F52DA7-B9F6-452D-823F-E1EFDF283995}.Release|win64.Build.0 = Release|Win32
		{31F52DA7-B9F6-452D-823F-E1EFDF283995}.Release|x64.ActiveCfg = Release|x64
		{31F52DA7-B9F6-452D-823F-E1EFDF283995}.Release|x64.Build.0 = Release|x64
		{E3DBF6A6-475B-4BA8-AE20-73655A7D42D9}.Debug|Pocket PC 2003 (ARMV4).ActiveCfg = Debug|Win32
		{E3DBF6A6-475B-4BA8-AE20-73655A7D42D9}.Debug|Win32.ActiveCfg = Debug|Win32
		{E3DBF6A6-475B-4BA8-AE20-73655A7D42D9}.Debug|Win32.Build.0 = Debug|Win32
		{E3DBF6A6-475B-4BA8-AE20-73655A7D42D9}.Debug|win64.ActiveCfg = Debug|Win32
		{E3DBF6A6-475B-4BA8-AE20-73655A7D42D9}.Debug|win64.Build.0 = Debug|Win32
		{E3DBF6A6-475B-4BA8-AE20-73655A7D42D9}.Debug|x64.ActiveCfg = Debug|x64
		{E3DBF6A6-475B-4BA8-AE20-73655A7D42D9}.Debug|x64.Build.0 = Debug|x64
		{E3DBF6A6-475B-4BA8-AE20-73655A7D42D9}.Release|Pocket PC 2003 (ARMV4).ActiveCfg = Release|Win32
		{E3DBF6A6-475B-4BA8-AE20-73655A7D42D9}.Release|Win32.ActiveCfg = Release|Win32
		{E3DBF6A6-475B-4BA8-AE20-73655A7D42D9}.Release|Win32.Build.0 = Release|Win32
		{E3DBF6A6-475B-4BA8-AE20-73655A7D42D9}.Release|win64.ActiveCfg = Release|Win32
		{E3DBF6A6-475B-4BA8-AE20-73655A7D42D9}.Release|win64.Build.0 = Release|Win32
		{E3DBF6A6-475B-4BA8-AE20-73655A7D42D9}.Release|x64.ActiveCfg = Release|x64
		{E3DBF6A6-475B-4BA8-AE20-73655A7D42D9}.Release|x64.Build.0 = Release|x64
		{D4750DE4-A865-494B-B5AD-84DF59ADFC05}.Debug|Pocket PC 2003 (ARMV4).ActiveCfg = Debug|Win32
		{D4750DE4-A865-494B-B5AD-84DF59ADFC05}.Debug|Win32.ActiveCfg = Debug|Win32
		{D4750DE4-A865-494B-B5AD-84DF59ADFC05}.Debug|Win32.Build.0 = Debug|Win32
		{D4750DE4-A865-494B-B5AD-84DF59ADFC05}.Debug|win64.ActiveCfg = Debug|Win32
		{D4750DE4-A865-494B-B5AD-84DF59ADFC05}.Debug|win64.Build.0 = Debug|Win32
		{D4750DE4-A865-494B-B5AD-84DF59ADFC05}.Debug|x64.ActiveCfg = Debug|x64
		{D4750DE4-A865-494B-B5AD-84DF59ADFC05}.Debug|x64.Build.0 = Debug|x64
		{D4750DE4-A865-494B-B5AD-84DF59ADFC05}.Release|Pocket PC 2003 (ARMV4).ActiveCfg = Release|Win32
		{D4750DE4-A865-494B-B5AD-84DF59ADFC05}.Release|Win32.ActiveCfg = Release|Win32
		{D4750DE4-A865-494B-B5AD-84DF59ADFC05}.Release|Win32.Build.0 = Release|Win32
		{D4750DE4-A865-494B-B5AD-84DF59ADFC05}.Release|win64.ActiveCfg = Release|Win32
		{D4750DE4-A865-494B-B5AD-84DF59ADFC05}.Release|win64.Build.0 = Release|Win32
		{D4750DE4-A865-494B-B5AD-84DF59ADFC05}.Release|x64.ActiveCfg = Release|x64
		{D4750DE4-A865-494B-B5AD-84DF59ADFC05}.Release|x64.Build.0 = Release|x64
		{870168AC-012D-4E78-AB70-CC20D02C0EBE}.Debug|Pocket PC 2003 (ARMV4).ActiveCfg = Debug|Win32
		{870168AC-012D-4E78-AB70-CC20D02C0EBE}.Debug|Win32.ActiveCfg = Debug|Win32
		{870168AC-012D-4E78-AB70-CC20D02C0EBE}.Debug|Win32.Build.0 = Debug|Win32
		{870168AC-012D-4E78-AB70-CC20D02C0EBE}.Debug|win64.ActiveCfg = Debug|Win32
		{870168AC-012D-4E78-AB70-CC20D02C0EBE}.Debug|win64.Build.0 = Debug|Win32
		{870168AC-012D-4E78-AB70-CC20D02C0EBE}.Debug|x64.ActiveCfg = Debug|x64
		{870168AC-012D-4E78-AB70-CC20D02C0EBE}.Debug|x64.Build.0 = Debug|x64
		{870168AC-012D-4E78-AB70-CC20D02C0EBE}.Release|Pocket PC 2003 (ARMV4).ActiveCfg = Release|Win32
		{870168AC-012D-4E78-AB70-CC20D02C0EBE}.Release|Win32.ActiveCfg = Release|Win32
		{870168AC-012D-4E78-AB70-CC20D02C0EBE}.Release|Win32.Build.0 = Release|Win32
		{870168AC-012D-4E78-AB70-CC20D02C0EBE}.Release|win64.ActiveCfg = Release|Win32
		{870168AC-012D-4E78-AB70-CC20D02C0EBE}.Release|win64.Build.0 = Release|Win32
		{870168AC-012D-4E78-AB70-CC20D02C0EBE}.Release|x64.ActiveCfg = Release|x64
		{870168AC-012D-4E78-AB70-CC20D02C0EBE}.Release|x64.Build.0 = Release|x64
	EndGlobalSection
	GlobalSection(SolutionProperties) = preSolution
		HideSolutionNode = FALSE
	EndGlobalSection
EndGlobal
