
Microsoft Visual Studio Solution File, Format Version 12.00
# Visual Studio 2012
Project("{2150E333-8FDC-42A3-9474-1A3956D46DE8}") = "Solution Items", "Solution Items", "{4AA1FBC2-DA5C-4204-B152-B5929516DC48}"
	ProjectSection(SolutionItems) = preProject
		CustomDictionary.xml = CustomDictionary.xml
		Eraser Native.props = Eraser Native.props
		Eraser.fxcop = Eraser.fxcop
		Strong Name.snk = Strong Name.snk
		UpdateVersions.bat = UpdateVersions.bat
		Version.cs.in = Version.cs.in
		Version.rc.in = Version.rc.in
		Version.wxs.in = Version.wxs.in
	EndProjectSection
EndProject
Project("{FAE04EC0-301F-11D3-BF4B-00C04F79EFBC}") = "Eraser", "Eraser\Eraser.csproj", "{A9884ABF-46E8-42C1-A30B-9A3DD6C38004}"
	ProjectSection(ProjectDependencies) = postProject
		{21752123-7BD7-4B44-B512-14A963C55FD8} = {21752123-7BD7-4B44-B512-14A963C55FD8}
	EndProjectSection
EndProject
Project("{FAE04EC0-301F-11D3-BF4B-00C04F79EFBC}") = "Eraser.Manager", "Eraser.Manager\Eraser.Manager.csproj", "{C1AC3255-0939-499D-A69D-725E3DD4F574}"
EndProject
Project("{FAE04EC0-301F-11D3-BF4B-00C04F79EFBC}") = "Eraser.Util", "Eraser.Util\Eraser.Util.csproj", "{D083E1A8-3A4C-4683-9B3F-D5FEDE61B9C9}"
EndProject
Project("{FAE04EC0-301F-11D3-BF4B-00C04F79EFBC}") = "Eraser.DefaultPlugins", "Eraser.DefaultPlugins\Eraser.DefaultPlugins.csproj", "{21752123-7BD7-4B44-B512-14A963C55FD8}"
	ProjectSection(ProjectDependencies) = postProject
		{BCFE7D20-FC82-4BBE-BFE4-7B635D70D238} = {BCFE7D20-FC82-4BBE-BFE4-7B635D70D238}
	EndProjectSection
EndProject
Project("{930C7802-8A8C-48F9-8165-68863BCCD9DD}") = "Installer", "Installer\Installer.wixproj", "{318964CF-278D-41B2-A825-B9A0D1F5D766}"
	ProjectSection(ProjectDependencies) = postProject
		{BCFE7D20-FC82-4BBE-BFE4-7B635D70D238} = {BCFE7D20-FC82-4BBE-BFE4-7B635D70D238}
		{21752123-7BD7-4B44-B512-14A963C55FD8} = {21752123-7BD7-4B44-B512-14A963C55FD8}
		{F8C3524E-B846-454B-BA41-5E2AA64BD56B} = {F8C3524E-B846-454B-BA41-5E2AA64BD56B}
		{C1AC3255-0939-499D-A69D-725E3DD4F574} = {C1AC3255-0939-499D-A69D-725E3DD4F574}
		{738F455B-2220-4F8F-B87F-DA93F0B0F1BA} = {738F455B-2220-4F8F-B87F-DA93F0B0F1BA}
		{D083E1A8-3A4C-4683-9B3F-D5FEDE61B9C9} = {D083E1A8-3A4C-4683-9B3F-D5FEDE61B9C9}
		{A9884ABF-46E8-42C1-A30B-9A3DD6C38004} = {A9884ABF-46E8-42C1-A30B-9A3DD6C38004}
	EndProjectSection
EndProject
Project("{8BC9CEB8-8B4A-11D0-8D11-00A0C91BC942}") = "Installer.Bootstrapper", "Installer\Bootstrapper\Bootstrapper.vcxproj", "{4F6CD250-0A08-4DB8-8E07-848E4FF01C21}"
EndProject
Project("{8BC9CEB8-8B4A-11D0-8D11-00A0C91BC942}") = "Eraser.Shell", "Eraser.Shell\ShellExt.vcxproj", "{738F455B-2220-4F8F-B87F-DA93F0B0F1BA}"
EndProject
Project("{8BC9CEB8-8B4A-11D0-8D11-00A0C91BC942}") = "Eraser.Util.Native", "Eraser.Util.Native\Eraser.Util.Native.vcxproj", "{BCFE7D20-FC82-4BBE-BFE4-7B635D70D238}"
EndProject
Project("{FAE04EC0-301F-11D3-BF4B-00C04F79EFBC}") = "Eraser.BlackBox", "Eraser.BlackBox\Eraser.BlackBox.csproj", "{F8C3524E-B846-454B-BA41-5E2AA64BD56B}"
EndProject
Project("{FAE04EC0-301F-11D3-BF4B-00C04F79EFBC}") = "Eraser.Plugins", "Eraser.Plugins\Eraser.Plugins.csproj", "{59F7ED0F-3589-4112-B612-4A9A6588F4A0}"
EndProject
Project("{FAE04EC0-301F-11D3-BF4B-00C04F79EFBC}") = "Eraser.Service", "Eraser.Service\Eraser.Service.csproj", "{62840616-03D1-45E8-A29B-A8EDF883A32E}"
EndProject
Global
	GlobalSection(SolutionConfigurationPlatforms) = preSolution
		Debug|Any CPU = Debug|Any CPU
		Debug|Mixed Platforms = Debug|Mixed Platforms
		Debug|Win32 = Debug|Win32
		Debug|x64 = Debug|x64
		Debug|x86 = Debug|x86
		Release|Any CPU = Release|Any CPU
		Release|Mixed Platforms = Release|Mixed Platforms
		Release|Win32 = Release|Win32
		Release|x64 = Release|x64
		Release|x86 = Release|x86
	EndGlobalSection
	GlobalSection(ProjectConfigurationPlatforms) = postSolution
		{A9884ABF-46E8-42C1-A30B-9A3DD6C38004}.Debug|Any CPU.ActiveCfg = Debug|Any CPU
		{A9884ABF-46E8-42C1-A30B-9A3DD6C38004}.Debug|Any CPU.Build.0 = Debug|Any CPU
		{A9884ABF-46E8-42C1-A30B-9A3DD6C38004}.Debug|Mixed Platforms.ActiveCfg = Debug|x86
		{A9884ABF-46E8-42C1-A30B-9A3DD6C38004}.Debug|Mixed Platforms.Build.0 = Debug|x86
		{A9884ABF-46E8-42C1-A30B-9A3DD6C38004}.Debug|Win32.ActiveCfg = Debug|x86
		{A9884ABF-46E8-42C1-A30B-9A3DD6C38004}.Debug|Win32.Build.0 = Debug|x86
		{A9884ABF-46E8-42C1-A30B-9A3DD6C38004}.Debug|x64.ActiveCfg = Debug|Any CPU
		{A9884ABF-46E8-42C1-A30B-9A3DD6C38004}.Debug|x64.Build.0 = Debug|Any CPU
		{A9884ABF-46E8-42C1-A30B-9A3DD6C38004}.Debug|x86.ActiveCfg = Debug|x86
		{A9884ABF-46E8-42C1-A30B-9A3DD6C38004}.Debug|x86.Build.0 = Debug|x86
		{A9884ABF-46E8-42C1-A30B-9A3DD6C38004}.Release|Any CPU.ActiveCfg = Release|Any CPU
		{A9884ABF-46E8-42C1-A30B-9A3DD6C38004}.Release|Any CPU.Build.0 = Release|Any CPU
		{A9884ABF-46E8-42C1-A30B-9A3DD6C38004}.Release|Mixed Platforms.ActiveCfg = Release|Any CPU
		{A9884ABF-46E8-42C1-A30B-9A3DD6C38004}.Release|Mixed Platforms.Build.0 = Release|Any CPU
		{A9884ABF-46E8-42C1-A30B-9A3DD6C38004}.Release|Win32.ActiveCfg = Release|Any CPU
		{A9884ABF-46E8-42C1-A30B-9A3DD6C38004}.Release|Win32.Build.0 = Release|Any CPU
		{A9884ABF-46E8-42C1-A30B-9A3DD6C38004}.Release|x64.ActiveCfg = Release|Any CPU
		{A9884ABF-46E8-42C1-A30B-9A3DD6C38004}.Release|x64.Build.0 = Release|Any CPU
		{A9884ABF-46E8-42C1-A30B-9A3DD6C38004}.Release|x86.ActiveCfg = Release|x86
		{A9884ABF-46E8-42C1-A30B-9A3DD6C38004}.Release|x86.Build.0 = Release|x86
		{C1AC3255-0939-499D-A69D-725E3DD4F574}.Debug|Any CPU.ActiveCfg = Debug|Any CPU
		{C1AC3255-0939-499D-A69D-725E3DD4F574}.Debug|Any CPU.Build.0 = Debug|Any CPU
		{C1AC3255-0939-499D-A69D-725E3DD4F574}.Debug|Mixed Platforms.ActiveCfg = Debug|x86
		{C1AC3255-0939-499D-A69D-725E3DD4F574}.Debug|Mixed Platforms.Build.0 = Debug|x86
		{C1AC3255-0939-499D-A69D-725E3DD4F574}.Debug|Win32.ActiveCfg = Debug|Any CPU
		{C1AC3255-0939-499D-A69D-725E3DD4F574}.Debug|Win32.Build.0 = Debug|Any CPU
		{C1AC3255-0939-499D-A69D-725E3DD4F574}.Debug|x64.ActiveCfg = Debug|Any CPU
		{C1AC3255-0939-499D-A69D-725E3DD4F574}.Debug|x64.Build.0 = Debug|Any CPU
		{C1AC3255-0939-499D-A69D-725E3DD4F574}.Debug|x86.ActiveCfg = Debug|x86
		{C1AC3255-0939-499D-A69D-725E3DD4F574}.Debug|x86.Build.0 = Debug|x86
		{C1AC3255-0939-499D-A69D-725E3DD4F574}.Release|Any CPU.ActiveCfg = Release|Any CPU
		{C1AC3255-0939-499D-A69D-725E3DD4F574}.Release|Any CPU.Build.0 = Release|Any CPU
		{C1AC3255-0939-499D-A69D-725E3DD4F574}.Release|Mixed Platforms.ActiveCfg = Release|Any CPU
		{C1AC3255-0939-499D-A69D-725E3DD4F574}.Release|Mixed Platforms.Build.0 = Release|Any CPU
		{C1AC3255-0939-499D-A69D-725E3DD4F574}.Release|Win32.ActiveCfg = Release|Any CPU
		{C1AC3255-0939-499D-A69D-725E3DD4F574}.Release|Win32.Build.0 = Release|Any CPU
		{C1AC3255-0939-499D-A69D-725E3DD4F574}.Release|x64.ActiveCfg = Release|Any CPU
		{C1AC3255-0939-499D-A69D-725E3DD4F574}.Release|x64.Build.0 = Release|Any CPU
		{C1AC3255-0939-499D-A69D-725E3DD4F574}.Release|x86.ActiveCfg = Release|Any CPU
		{C1AC3255-0939-499D-A69D-725E3DD4F574}.Release|x86.Build.0 = Release|Any CPU
		{D083E1A8-3A4C-4683-9B3F-D5FEDE61B9C9}.Debug|Any CPU.ActiveCfg = Debug|Any CPU
		{D083E1A8-3A4C-4683-9B3F-D5FEDE61B9C9}.Debug|Any CPU.Build.0 = Debug|Any CPU
		{D083E1A8-3A4C-4683-9B3F-D5FEDE61B9C9}.Debug|Mixed Platforms.ActiveCfg = Debug|Any CPU
		{D083E1A8-3A4C-4683-9B3F-D5FEDE61B9C9}.Debug|Mixed Platforms.Build.0 = Debug|Any CPU
		{D083E1A8-3A4C-4683-9B3F-D5FEDE61B9C9}.Debug|Win32.ActiveCfg = Debug|Any CPU
		{D083E1A8-3A4C-4683-9B3F-D5FEDE61B9C9}.Debug|Win32.Build.0 = Debug|Any CPU
		{D083E1A8-3A4C-4683-9B3F-D5FEDE61B9C9}.Debug|x64.ActiveCfg = Debug|x86
		{D083E1A8-3A4C-4683-9B3F-D5FEDE61B9C9}.Debug|x64.Build.0 = Debug|x86
		{D083E1A8-3A4C-4683-9B3F-D5FEDE61B9C9}.Debug|x86.ActiveCfg = Debug|x86
		{D083E1A8-3A4C-4683-9B3F-D5FEDE61B9C9}.Debug|x86.Build.0 = Debug|x86
		{D083E1A8-3A4C-4683-9B3F-D5FEDE61B9C9}.Release|Any CPU.ActiveCfg = Release|Any CPU
		{D083E1A8-3A4C-4683-9B3F-D5FEDE61B9C9}.Release|Any CPU.Build.0 = Release|Any CPU
		{D083E1A8-3A4C-4683-9B3F-D5FEDE61B9C9}.Release|Mixed Platforms.ActiveCfg = Release|Any CPU
		{D083E1A8-3A4C-4683-9B3F-D5FEDE61B9C9}.Release|Mixed Platforms.Build.0 = Release|Any CPU
		{D083E1A8-3A4C-4683-9B3F-D5FEDE61B9C9}.Release|Win32.ActiveCfg = Release|Any CPU
		{D083E1A8-3A4C-4683-9B3F-D5FEDE61B9C9}.Release|Win32.Build.0 = Release|Any CPU
		{D083E1A8-3A4C-4683-9B3F-D5FEDE61B9C9}.Release|x64.ActiveCfg = Release|Any CPU
		{D083E1A8-3A4C-4683-9B3F-D5FEDE61B9C9}.Release|x64.Build.0 = Release|Any CPU
		{D083E1A8-3A4C-4683-9B3F-D5FEDE61B9C9}.Release|x86.ActiveCfg = Release|Any CPU
		{D083E1A8-3A4C-4683-9B3F-D5FEDE61B9C9}.Release|x86.Build.0 = Release|Any CPU
		{21752123-7BD7-4B44-B512-14A963C55FD8}.Debug|Any CPU.ActiveCfg = Debug|Any CPU
		{21752123-7BD7-4B44-B512-14A963C55FD8}.Debug|Any CPU.Build.0 = Debug|Any CPU
		{21752123-7BD7-4B44-B512-14A963C55FD8}.Debug|Mixed Platforms.ActiveCfg = Debug|x86
		{21752123-7BD7-4B44-B512-14A963C55FD8}.Debug|Mixed Platforms.Build.0 = Debug|x86
		{21752123-7BD7-4B44-B512-14A963C55FD8}.Debug|Win32.ActiveCfg = Debug|Any CPU
		{21752123-7BD7-4B44-B512-14A963C55FD8}.Debug|Win32.Build.0 = Debug|Any CPU
		{21752123-7BD7-4B44-B512-14A963C55FD8}.Debug|x64.ActiveCfg = Debug|Any CPU
		{21752123-7BD7-4B44-B512-14A963C55FD8}.Debug|x64.Build.0 = Debug|Any CPU
		{21752123-7BD7-4B44-B512-14A963C55FD8}.Debug|x86.ActiveCfg = Debug|x86
		{21752123-7BD7-4B44-B512-14A963C55FD8}.Debug|x86.Build.0 = Debug|x86
		{21752123-7BD7-4B44-B512-14A963C55FD8}.Release|Any CPU.ActiveCfg = Release|Any CPU
		{21752123-7BD7-4B44-B512-14A963C55FD8}.Release|Any CPU.Build.0 = Release|Any CPU
		{21752123-7BD7-4B44-B512-14A963C55FD8}.Release|Mixed Platforms.ActiveCfg = Release|Any CPU
		{21752123-7BD7-4B44-B512-14A963C55FD8}.Release|Mixed Platforms.Build.0 = Release|Any CPU
		{21752123-7BD7-4B44-B512-14A963C55FD8}.Release|Win32.ActiveCfg = Release|Any CPU
		{21752123-7BD7-4B44-B512-14A963C55FD8}.Release|Win32.Build.0 = Release|Any CPU
		{21752123-7BD7-4B44-B512-14A963C55FD8}.Release|x64.ActiveCfg = Release|Any CPU
		{21752123-7BD7-4B44-B512-14A963C55FD8}.Release|x64.Build.0 = Release|Any CPU
		{21752123-7BD7-4B44-B512-14A963C55FD8}.Release|x86.ActiveCfg = Release|Any CPU
		{21752123-7BD7-4B44-B512-14A963C55FD8}.Release|x86.Build.0 = Release|Any CPU
		{318964CF-278D-41B2-A825-B9A0D1F5D766}.Debug|Any CPU.ActiveCfg = Debug|x86
		{318964CF-278D-41B2-A825-B9A0D1F5D766}.Debug|Mixed Platforms.ActiveCfg = Debug|x86
		{318964CF-278D-41B2-A825-B9A0D1F5D766}.Debug|Win32.ActiveCfg = Debug|x86
		{318964CF-278D-41B2-A825-B9A0D1F5D766}.Debug|x64.ActiveCfg = Debug|x64
		{318964CF-278D-41B2-A825-B9A0D1F5D766}.Debug|x86.ActiveCfg = Debug|x86
		{318964CF-278D-41B2-A825-B9A0D1F5D766}.Release|Any CPU.ActiveCfg = Release|x86
		{318964CF-278D-41B2-A825-B9A0D1F5D766}.Release|Mixed Platforms.ActiveCfg = Release|x86
		{318964CF-278D-41B2-A825-B9A0D1F5D766}.Release|Win32.ActiveCfg = Release|x86
		{318964CF-278D-41B2-A825-B9A0D1F5D766}.Release|x64.ActiveCfg = Release|x64
		{318964CF-278D-41B2-A825-B9A0D1F5D766}.Release|x86.ActiveCfg = Release|x86
		{318964CF-278D-41B2-A825-B9A0D1F5D766}.Release|x86.Build.0 = Release|x86
		{4F6CD250-0A08-4DB8-8E07-848E4FF01C21}.Debug|Any CPU.ActiveCfg = Debug|Win32
		{4F6CD250-0A08-4DB8-8E07-848E4FF01C21}.Debug|Mixed Platforms.ActiveCfg = Debug|Win32
		{4F6CD250-0A08-4DB8-8E07-848E4FF01C21}.Debug|Win32.ActiveCfg = Debug|Win32
		{4F6CD250-0A08-4DB8-8E07-848E4FF01C21}.Debug|x64.ActiveCfg = Debug|Win32
		{4F6CD250-0A08-4DB8-8E07-848E4FF01C21}.Debug|x86.ActiveCfg = Debug|Win32
		{4F6CD250-0A08-4DB8-8E07-848E4FF01C21}.Release|Any CPU.ActiveCfg = Release|Win32
		{4F6CD250-0A08-4DB8-8E07-848E4FF01C21}.Release|Mixed Platforms.ActiveCfg = Release|Win32
		{4F6CD250-0A08-4DB8-8E07-848E4FF01C21}.Release|Win32.ActiveCfg = Release|Win32
		{4F6CD250-0A08-4DB8-8E07-848E4FF01C21}.Release|Win32.Build.0 = Release|Win32
		{4F6CD250-0A08-4DB8-8E07-848E4FF01C21}.Release|x64.ActiveCfg = Release|Win32
		{4F6CD250-0A08-4DB8-8E07-848E4FF01C21}.Release|x86.ActiveCfg = Release|Win32
		{4F6CD250-0A08-4DB8-8E07-848E4FF01C21}.Release|x86.Build.0 = Release|Win32
		{738F455B-2220-4F8F-B87F-DA93F0B0F1BA}.Debug|Any CPU.ActiveCfg = Debug|Win32
		{738F455B-2220-4F8F-B87F-DA93F0B0F1BA}.Debug|Mixed Platforms.ActiveCfg = Debug|Win32
		{738F455B-2220-4F8F-B87F-DA93F0B0F1BA}.Debug|Mixed Platforms.Build.0 = Debug|Win32
		{738F455B-2220-4F8F-B87F-DA93F0B0F1BA}.Debug|Win32.ActiveCfg = Debug|Win32
		{738F455B-2220-4F8F-B87F-DA93F0B0F1BA}.Debug|Win32.Build.0 = Debug|Win32
		{738F455B-2220-4F8F-B87F-DA93F0B0F1BA}.Debug|x64.ActiveCfg = Debug|x64
		{738F455B-2220-4F8F-B87F-DA93F0B0F1BA}.Debug|x64.Build.0 = Debug|x64
		{738F455B-2220-4F8F-B87F-DA93F0B0F1BA}.Debug|x86.ActiveCfg = Debug|Win32
		{738F455B-2220-4F8F-B87F-DA93F0B0F1BA}.Debug|x86.Build.0 = Debug|Win32
		{738F455B-2220-4F8F-B87F-DA93F0B0F1BA}.Release|Any CPU.ActiveCfg = Release|Win32
		{738F455B-2220-4F8F-B87F-DA93F0B0F1BA}.Release|Mixed Platforms.ActiveCfg = Release|Win32
		{738F455B-2220-4F8F-B87F-DA93F0B0F1BA}.Release|Win32.ActiveCfg = Release|Win32
		{738F455B-2220-4F8F-B87F-DA93F0B0F1BA}.Release|Win32.Build.0 = Release|Win32
		{738F455B-2220-4F8F-B87F-DA93F0B0F1BA}.Release|x64.ActiveCfg = Release|x64
		{738F455B-2220-4F8F-B87F-DA93F0B0F1BA}.Release|x64.Build.0 = Release|x64
		{738F455B-2220-4F8F-B87F-DA93F0B0F1BA}.Release|x86.ActiveCfg = Release|x64
		{738F455B-2220-4F8F-B87F-DA93F0B0F1BA}.Release|x86.Build.0 = Release|x64
		{BCFE7D20-FC82-4BBE-BFE4-7B635D70D238}.Debug|Any CPU.ActiveCfg = Debug|x64
		{BCFE7D20-FC82-4BBE-BFE4-7B635D70D238}.Debug|Mixed Platforms.ActiveCfg = Debug|Win32
		{BCFE7D20-FC82-4BBE-BFE4-7B635D70D238}.Debug|Mixed Platforms.Build.0 = Debug|Win32
		{BCFE7D20-FC82-4BBE-BFE4-7B635D70D238}.Debug|Win32.ActiveCfg = Debug|Win32
		{BCFE7D20-FC82-4BBE-BFE4-7B635D70D238}.Debug|Win32.Build.0 = Debug|Win32
		{BCFE7D20-FC82-4BBE-BFE4-7B635D70D238}.Debug|x64.ActiveCfg = Debug|Win32
		{BCFE7D20-FC82-4BBE-BFE4-7B635D70D238}.Debug|x64.Build.0 = Debug|Win32
		{BCFE7D20-FC82-4BBE-BFE4-7B635D70D238}.Debug|x86.ActiveCfg = Debug|Win32
		{BCFE7D20-FC82-4BBE-BFE4-7B635D70D238}.Debug|x86.Build.0 = Debug|Win32
		{BCFE7D20-FC82-4BBE-BFE4-7B635D70D238}.Release|Any CPU.ActiveCfg = Release|x64
		{BCFE7D20-FC82-4BBE-BFE4-7B635D70D238}.Release|Mixed Platforms.ActiveCfg = Release|x64
		{BCFE7D20-FC82-4BBE-BFE4-7B635D70D238}.Release|Mixed Platforms.Build.0 = Release|x64
		{BCFE7D20-FC82-4BBE-BFE4-7B635D70D238}.Release|Win32.ActiveCfg = Release|Win32
		{BCFE7D20-FC82-4BBE-BFE4-7B635D70D238}.Release|Win32.Build.0 = Release|Win32
		{BCFE7D20-FC82-4BBE-BFE4-7B635D70D238}.Release|x64.ActiveCfg = Release|x64
		{BCFE7D20-FC82-4BBE-BFE4-7B635D70D238}.Release|x64.Build.0 = Release|x64
		{BCFE7D20-FC82-4BBE-BFE4-7B635D70D238}.Release|x86.ActiveCfg = Release|x64
		{BCFE7D20-FC82-4BBE-BFE4-7B635D70D238}.Release|x86.Build.0 = Release|x64
		{F8C3524E-B846-454B-BA41-5E2AA64BD56B}.Debug|Any CPU.ActiveCfg = Debug|Any CPU
		{F8C3524E-B846-454B-BA41-5E2AA64BD56B}.Debug|Any CPU.Build.0 = Debug|Any CPU
		{F8C3524E-B846-454B-BA41-5E2AA64BD56B}.Debug|Mixed Platforms.ActiveCfg = Debug|Any CPU
		{F8C3524E-B846-454B-BA41-5E2AA64BD56B}.Debug|Mixed Platforms.Build.0 = Debug|Any CPU
		{F8C3524E-B846-454B-BA41-5E2AA64BD56B}.Debug|Win32.ActiveCfg = Debug|Any CPU
		{F8C3524E-B846-454B-BA41-5E2AA64BD56B}.Debug|Win32.Build.0 = Debug|Any CPU
		{F8C3524E-B846-454B-BA41-5E2AA64BD56B}.Debug|x64.ActiveCfg = Debug|Any CPU
		{F8C3524E-B846-454B-BA41-5E2AA64BD56B}.Debug|x64.Build.0 = Debug|Any CPU
		{F8C3524E-B846-454B-BA41-5E2AA64BD56B}.Debug|x86.ActiveCfg = Debug|x86
		{F8C3524E-B846-454B-BA41-5E2AA64BD56B}.Debug|x86.Build.0 = Debug|x86
		{F8C3524E-B846-454B-BA41-5E2AA64BD56B}.Release|Any CPU.ActiveCfg = Release|Any CPU
		{F8C3524E-B846-454B-BA41-5E2AA64BD56B}.Release|Any CPU.Build.0 = Release|Any CPU
		{F8C3524E-B846-454B-BA41-5E2AA64BD56B}.Release|Mixed Platforms.ActiveCfg = Release|Any CPU
		{F8C3524E-B846-454B-BA41-5E2AA64BD56B}.Release|Mixed Platforms.Build.0 = Release|Any CPU
		{F8C3524E-B846-454B-BA41-5E2AA64BD56B}.Release|Win32.ActiveCfg = Release|Any CPU
		{F8C3524E-B846-454B-BA41-5E2AA64BD56B}.Release|Win32.Build.0 = Release|Any CPU
		{F8C3524E-B846-454B-BA41-5E2AA64BD56B}.Release|x64.ActiveCfg = Release|Any CPU
		{F8C3524E-B846-454B-BA41-5E2AA64BD56B}.Release|x64.Build.0 = Release|Any CPU
		{F8C3524E-B846-454B-BA41-5E2AA64BD56B}.Release|x86.ActiveCfg = Release|Any CPU
		{F8C3524E-B846-454B-BA41-5E2AA64BD56B}.Release|x86.Build.0 = Release|Any CPU
		{59F7ED0F-3589-4112-B612-4A9A6588F4A0}.Debug|Any CPU.ActiveCfg = Debug|Any CPU
		{59F7ED0F-3589-4112-B612-4A9A6588F4A0}.Debug|Any CPU.Build.0 = Debug|Any CPU
		{59F7ED0F-3589-4112-B612-4A9A6588F4A0}.Debug|Mixed Platforms.ActiveCfg = Debug|x86
		{59F7ED0F-3589-4112-B612-4A9A6588F4A0}.Debug|Mixed Platforms.Build.0 = Debug|x86
		{59F7ED0F-3589-4112-B612-4A9A6588F4A0}.Debug|Win32.ActiveCfg = Debug|Any CPU
		{59F7ED0F-3589-4112-B612-4A9A6588F4A0}.Debug|Win32.Build.0 = Debug|Any CPU
		{59F7ED0F-3589-4112-B612-4A9A6588F4A0}.Debug|x64.ActiveCfg = Debug|Any CPU
		{59F7ED0F-3589-4112-B612-4A9A6588F4A0}.Debug|x64.Build.0 = Debug|Any CPU
		{59F7ED0F-3589-4112-B612-4A9A6588F4A0}.Debug|x86.ActiveCfg = Debug|x86
		{59F7ED0F-3589-4112-B612-4A9A6588F4A0}.Debug|x86.Build.0 = Debug|x86
		{59F7ED0F-3589-4112-B612-4A9A6588F4A0}.Release|Any CPU.ActiveCfg = Release|Any CPU
		{59F7ED0F-3589-4112-B612-4A9A6588F4A0}.Release|Any CPU.Build.0 = Release|Any CPU
		{59F7ED0F-3589-4112-B612-4A9A6588F4A0}.Release|Mixed Platforms.ActiveCfg = Release|Any CPU
		{59F7ED0F-3589-4112-B612-4A9A6588F4A0}.Release|Mixed Platforms.Build.0 = Release|Any CPU
		{59F7ED0F-3589-4112-B612-4A9A6588F4A0}.Release|Win32.ActiveCfg = Release|Any CPU
		{59F7ED0F-3589-4112-B612-4A9A6588F4A0}.Release|Win32.Build.0 = Release|Any CPU
		{59F7ED0F-3589-4112-B612-4A9A6588F4A0}.Release|x64.ActiveCfg = Release|Any CPU
		{59F7ED0F-3589-4112-B612-4A9A6588F4A0}.Release|x64.Build.0 = Release|Any CPU
		{59F7ED0F-3589-4112-B612-4A9A6588F4A0}.Release|x86.ActiveCfg = Release|Any CPU
		{59F7ED0F-3589-4112-B612-4A9A6588F4A0}.Release|x86.Build.0 = Release|Any CPU
		{62840616-03D1-45E8-A29B-A8EDF883A32E}.Debug|Any CPU.ActiveCfg = Debug|Any CPU
		{62840616-03D1-45E8-A29B-A8EDF883A32E}.Debug|Any CPU.Build.0 = Debug|Any CPU
		{62840616-03D1-45E8-A29B-A8EDF883A32E}.Debug|Mixed Platforms.ActiveCfg = Debug|Any CPU
		{62840616-03D1-45E8-A29B-A8EDF883A32E}.Debug|Win32.ActiveCfg = Debug|Any CPU
		{62840616-03D1-45E8-A29B-A8EDF883A32E}.Debug|x64.ActiveCfg = Debug|Any CPU
		{62840616-03D1-45E8-A29B-A8EDF883A32E}.Debug|x86.ActiveCfg = Debug|x86
		{62840616-03D1-45E8-A29B-A8EDF883A32E}.Release|Any CPU.ActiveCfg = Release|Any CPU
		{62840616-03D1-45E8-A29B-A8EDF883A32E}.Release|Any CPU.Build.0 = Release|Any CPU
		{62840616-03D1-45E8-A29B-A8EDF883A32E}.Release|Mixed Platforms.ActiveCfg = Release|Any CPU
		{62840616-03D1-45E8-A29B-A8EDF883A32E}.Release|Mixed Platforms.Build.0 = Release|Any CPU
		{62840616-03D1-45E8-A29B-A8EDF883A32E}.Release|Win32.ActiveCfg = Release|Any CPU
		{62840616-03D1-45E8-A29B-A8EDF883A32E}.Release|x64.ActiveCfg = Release|x86
		{62840616-03D1-45E8-A29B-A8EDF883A32E}.Release|x86.ActiveCfg = Release|x86
		{62840616-03D1-45E8-A29B-A8EDF883A32E}.Release|x86.Build.0 = Release|x86
	EndGlobalSection
	GlobalSection(SolutionProperties) = preSolution
		HideSolutionNode = FALSE
	EndGlobalSection
EndGlobal
